
Microsoft Visual Studio Solution File, Format Version 12.00
# Visual Studio Version 17
VisualStudioVersion = 17.0.31912.275
MinimumVisualStudioVersion = 10.0.40219.1
Project("{FAE04EC0-301F-11D3-BF4B-00C04F79EFBC}") = "lab22", "lab22\lab22.csproj", "{CA5F1D61-51FC-41B2-BF28-513A6108B08E}"
EndProject
Project("{FAE04EC0-301F-11D3-BF4B-00C04F79EFBC}") = "lab22zadacha", "lab22zadacha\lab22zadacha.csproj", "{910AC7D6-46DC-4F88-AC4E-3ECAB5D38B80}"
EndProject
Global
	GlobalSection(SolutionConfigurationPlatforms) = preSolution
		Debug|Any CPU = Debug|Any CPU
		Release|Any CPU = Release|Any CPU
	EndGlobalSection
	GlobalSection(ProjectConfigurationPlatforms) = postSolution
		{CA5F1D61-51FC-41B2-BF28-513A6108B08E}.Debug|Any CPU.ActiveCfg = Debug|Any CPU
		{CA5F1D61-51FC-41B2-BF28-513A6108B08E}.Debug|Any CPU.Build.0 = Debug|Any CPU
		{CA5F1D61-51FC-41B2-BF28-513A6108B08E}.Release|Any CPU.ActiveCfg = Release|Any CPU
		{CA5F1D61-51FC-41B2-BF28-513A6108B08E}.Release|Any CPU.Build.0 = Release|Any CPU
		{910AC7D6-46DC-4F88-AC4E-3ECAB5D38B80}.Debug|Any CPU.ActiveCfg = Debug|Any CPU
		{910AC7D6-46DC-4F88-AC4E-3ECAB5D38B80}.Debug|Any CPU.Build.0 = Debug|Any CPU
		{910AC7D6-46DC-4F88-AC4E-3ECAB5D38B80}.Release|Any CPU.ActiveCfg = Release|Any CPU
		{910AC7D6-46DC-4F88-AC4E-3ECAB5D38B80}.Release|Any CPU.Build.0 = Release|Any CPU
	EndGlobalSection
	GlobalSection(SolutionProperties) = preSolution
		HideSolutionNode = FALSE
	EndGlobalSection
	GlobalSection(ExtensibilityGlobals) = postSolution
		SolutionGuid = {AA49BA21-B57E-41BB-9863-FF177775A11F}
	EndGlobalSection
EndGlobal
